// !$*UTF8*$!
{
	archiveVersion = 1;
	classes = {
	};
	objectVersion = 50;
	objects = {

/* Begin PBXBuildFile section */
		F12120D121AE924F0013046F /* AppDelegate.swift in Sources */ = {isa = PBXBuildFile; fileRef = F12120D021AE924F0013046F /* AppDelegate.swift */; };
		F12120D321AE924F0013046F /* ViewController.swift in Sources */ = {isa = PBXBuildFile; fileRef = F12120D221AE924F0013046F /* ViewController.swift */; };
		F12120D621AE924F0013046F /* Main.storyboard in Resources */ = {isa = PBXBuildFile; fileRef = F12120D421AE924F0013046F /* Main.storyboard */; };
		F12120D821AE92500013046F /* Assets.xcassets in Resources */ = {isa = PBXBuildFile; fileRef = F12120D721AE92500013046F /* Assets.xcassets */; };
		F12120DB21AE92500013046F /* LaunchScreen.storyboard in Resources */ = {isa = PBXBuildFile; fileRef = F12120D921AE92500013046F /* LaunchScreen.storyboard */; };
		F12120F621AE93F50013046F /* RunloopTools.m in Sources */ = {isa = PBXBuildFile; fileRef = F12120E521AE93F40013046F /* RunloopTools.m */; };
		F12120F721AE93F50013046F /* ZipTool.swift in Sources */ = {isa = PBXBuildFile; fileRef = F12120E821AE93F40013046F /* ZipTool.swift */; };
		F12120F821AE93F50013046F /* unzip.c in Sources */ = {isa = PBXBuildFile; fileRef = F12120EB21AE93F50013046F /* unzip.c */; };
		F12120F921AE93F50013046F /* zip.c in Sources */ = {isa = PBXBuildFile; fileRef = F12120EC21AE93F50013046F /* zip.c */; };
		F12120FA21AE93F50013046F /* ioapi.c in Sources */ = {isa = PBXBuildFile; fileRef = F12120ED21AE93F50013046F /* ioapi.c */; };
		F12120FB21AE93F50013046F /* mztools.c in Sources */ = {isa = PBXBuildFile; fileRef = F12120EE21AE93F50013046F /* mztools.c */; };
		F12120FC21AE93F50013046F /* SSZipArchive.m in Sources */ = {isa = PBXBuildFile; fileRef = F12120F521AE93F50013046F /* SSZipArchive.m */; };
/* End PBXBuildFile section */

/* Begin PBXFileReference section */
		F12120CD21AE924F0013046F /* MFWebLottie.app */ = {isa = PBXFileReference; explicitFileType = wrapper.application; includeInIndex = 0; path = MFWebLottie.app; sourceTree = BUILT_PRODUCTS_DIR; };
		F12120D021AE924F0013046F /* AppDelegate.swift */ = {isa = PBXFileReference; lastKnownFileType = sourcecode.swift; path = AppDelegate.swift; sourceTree = "<group>"; };
		F12120D221AE924F0013046F /* ViewController.swift */ = {isa = PBXFileReference; lastKnownFileType = sourcecode.swift; path = ViewController.swift; sourceTree = "<group>"; };
		F12120D521AE924F0013046F /* Base */ = {isa = PBXFileReference; lastKnownFileType = file.storyboard; name = Base; path = Base.lproj/Main.storyboard; sourceTree = "<group>"; };
		F12120D721AE92500013046F /* Assets.xcassets */ = {isa = PBXFileReference; lastKnownFileType = folder.assetcatalog; path = Assets.xcassets; sourceTree = "<group>"; };
		F12120DA21AE92500013046F /* Base */ = {isa = PBXFileReference; lastKnownFileType = file.storyboard; name = Base; path = Base.lproj/LaunchScreen.storyboard; sourceTree = "<group>"; };
		F12120DC21AE92500013046F /* Info.plist */ = {isa = PBXFileReference; lastKnownFileType = text.plist.xml; path = Info.plist; sourceTree = "<group>"; };
		F12120E421AE93F40013046F /* RunloopTools.h */ = {isa = PBXFileReference; fileEncoding = 4; lastKnownFileType = sourcecode.c.h; path = RunloopTools.h; sourceTree = "<group>"; };
		F12120E521AE93F40013046F /* RunloopTools.m */ = {isa = PBXFileReference; fileEncoding = 4; lastKnownFileType = sourcecode.c.objc; path = RunloopTools.m; sourceTree = "<group>"; };
		F12120E721AE93F40013046F /* MFObjectBridge.h */ = {isa = PBXFileReference; fileEncoding = 4; lastKnownFileType = sourcecode.c.h; path = MFObjectBridge.h; sourceTree = "<group>"; };
		F12120E821AE93F40013046F /* ZipTool.swift */ = {isa = PBXFileReference; fileEncoding = 4; lastKnownFileType = sourcecode.swift; path = ZipTool.swift; sourceTree = "<group>"; };
		F12120EB21AE93F50013046F /* unzip.c */ = {isa = PBXFileReference; fileEncoding = 4; lastKnownFileType = sourcecode.c.c; path = unzip.c; sourceTree = "<group>"; };
		F12120EC21AE93F50013046F /* zip.c */ = {isa = PBXFileReference; fileEncoding = 4; lastKnownFileType = sourcecode.c.c; path = zip.c; sourceTree = "<group>"; };
		F12120ED21AE93F50013046F /* ioapi.c */ = {isa = PBXFileReference; fileEncoding = 4; lastKnownFileType = sourcecode.c.c; path = ioapi.c; sourceTree = "<group>"; };
		F12120EE21AE93F50013046F /* mztools.c */ = {isa = PBXFileReference; fileEncoding = 4; lastKnownFileType = sourcecode.c.c; path = mztools.c; sourceTree = "<group>"; };
		F12120EF21AE93F50013046F /* crypt.h */ = {isa = PBXFileReference; fileEncoding = 4; lastKnownFileType = sourcecode.c.h; path = crypt.h; sourceTree = "<group>"; };
		F12120F021AE93F50013046F /* zip.h */ = {isa = PBXFileReference; fileEncoding = 4; lastKnownFileType = sourcecode.c.h; path = zip.h; sourceTree = "<group>"; };
		F12120F121AE93F50013046F /* unzip.h */ = {isa = PBXFileReference; fileEncoding = 4; lastKnownFileType = sourcecode.c.h; path = unzip.h; sourceTree = "<group>"; };
		F12120F221AE93F50013046F /* mztools.h */ = {isa = PBXFileReference; fileEncoding = 4; lastKnownFileType = sourcecode.c.h; path = mztools.h; sourceTree = "<group>"; };
		F12120F321AE93F50013046F /* ioapi.h */ = {isa = PBXFileReference; fileEncoding = 4; lastKnownFileType = sourcecode.c.h; path = ioapi.h; sourceTree = "<group>"; };
		F12120F421AE93F50013046F /* SSZipArchive.h */ = {isa = PBXFileReference; fileEncoding = 4; lastKnownFileType = sourcecode.c.h; path = SSZipArchive.h; sourceTree = "<group>"; };
		F12120F521AE93F50013046F /* SSZipArchive.m */ = {isa = PBXFileReference; fileEncoding = 4; lastKnownFileType = sourcecode.c.objc; path = SSZipArchive.m; sourceTree = "<group>"; };
/* End PBXFileReference section */

/* Begin PBXFrameworksBuildPhase section */
		F12120CA21AE924F0013046F /* Frameworks */ = {
			isa = PBXFrameworksBuildPhase;
			buildActionMask = 2147483647;
			files = (
			);
			runOnlyForDeploymentPostprocessing = 0;
		};
/* End PBXFrameworksBuildPhase section */

/* Begin PBXGroup section */
		F12120C421AE924F0013046F = {
			isa = PBXGroup;
			children = (
				F12120CF21AE924F0013046F /* MFWebLottie */,
				F12120E221AE926C0013046F /* MFWebLottie_Demo */,
				F12120CE21AE924F0013046F /* Products */,
			);
			sourceTree = "<group>";
		};
		F12120CE21AE924F0013046F /* Products */ = {
			isa = PBXGroup;
			children = (
				F12120CD21AE924F0013046F /* MFWebLottie.app */,
			);
			name = Products;
			sourceTree = "<group>";
		};
		F12120CF21AE924F0013046F /* MFWebLottie */ = {
			isa = PBXGroup;
			children = (
				F12120E621AE93F40013046F /* Controller */,
				F12120E921AE93F50013046F /* SSZipArchive */,
				F12120E321AE93F40013046F /* TaskQueue */,
			);
			path = MFWebLottie;
			sourceTree = "<group>";
		};
		F12120E221AE926C0013046F /* MFWebLottie_Demo */ = {
			isa = PBXGroup;
			children = (
				F12120D021AE924F0013046F /* AppDelegate.swift */,
				F12120D221AE924F0013046F /* ViewController.swift */,
				F12120D421AE924F0013046F /* Main.storyboard */,
				F12120D721AE92500013046F /* Assets.xcassets */,
				F12120D921AE92500013046F /* LaunchScreen.storyboard */,
				F12120DC21AE92500013046F /* Info.plist */,
			);
			path = MFWebLottie_Demo;
			sourceTree = "<group>";
		};
		F12120E321AE93F40013046F /* TaskQueue */ = {
			isa = PBXGroup;
			children = (
				F12120E421AE93F40013046F /* RunloopTools.h */,
				F12120E521AE93F40013046F /* RunloopTools.m */,
			);
			path = TaskQueue;
			sourceTree = "<group>";
		};
		F12120E621AE93F40013046F /* Controller */ = {
			isa = PBXGroup;
			children = (
				F12120E721AE93F40013046F /* MFObjectBridge.h */,
				F12120E821AE93F40013046F /* ZipTool.swift */,
			);
			path = Controller;
			sourceTree = "<group>";
		};
		F12120E921AE93F50013046F /* SSZipArchive */ = {
			isa = PBXGroup;
			children = (
				F12120EA21AE93F50013046F /* minizip */,
				F12120F421AE93F50013046F /* SSZipArchive.h */,
				F12120F521AE93F50013046F /* SSZipArchive.m */,
			);
			path = SSZipArchive;
			sourceTree = "<group>";
		};
		F12120EA21AE93F50013046F /* minizip */ = {
			isa = PBXGroup;
			children = (
				F12120EB21AE93F50013046F /* unzip.c */,
				F12120EC21AE93F50013046F /* zip.c */,
				F12120ED21AE93F50013046F /* ioapi.c */,
				F12120EE21AE93F50013046F /* mztools.c */,
				F12120EF21AE93F50013046F /* crypt.h */,
				F12120F021AE93F50013046F /* zip.h */,
				F12120F121AE93F50013046F /* unzip.h */,
				F12120F221AE93F50013046F /* mztools.h */,
				F12120F321AE93F50013046F /* ioapi.h */,
			);
			path = minizip;
			sourceTree = "<group>";
		};
/* End PBXGroup section */

/* Begin PBXNativeTarget section */
		F12120CC21AE924F0013046F /* MFWebLottie */ = {
			isa = PBXNativeTarget;
			buildConfigurationList = F12120DF21AE92500013046F /* Build configuration list for PBXNativeTarget "MFWebLottie" */;
			buildPhases = (
				F12120C921AE924F0013046F /* Sources */,
				F12120CA21AE924F0013046F /* Frameworks */,
				F12120CB21AE924F0013046F /* Resources */,
			);
			buildRules = (
			);
			dependencies = (
			);
			name = MFWebLottie;
			productName = MFWebLottie;
			productReference = F12120CD21AE924F0013046F /* MFWebLottie.app */;
			productType = "com.apple.product-type.application";
		};
/* End PBXNativeTarget section */

/* Begin PBXProject section */
		F12120C521AE924F0013046F /* Project object */ = {
			isa = PBXProject;
			attributes = {
				LastSwiftUpdateCheck = 1010;
				LastUpgradeCheck = 1010;
				ORGANIZATIONNAME = "杨烁";
				TargetAttributes = {
					F12120CC21AE924F0013046F = {
						CreatedOnToolsVersion = 10.1;
					};
				};
			};
			buildConfigurationList = F12120C821AE924F0013046F /* Build configuration list for PBXProject "MFWebLottie" */;
			compatibilityVersion = "Xcode 9.3";
			developmentRegion = en;
			hasScannedForEncodings = 0;
			knownRegions = (
				en,
				Base,
			);
			mainGroup = F12120C421AE924F0013046F;
			productRefGroup = F12120CE21AE924F0013046F /* Products */;
			projectDirPath = "";
			projectRoot = "";
			targets = (
				F12120CC21AE924F0013046F /* MFWebLottie */,
			);
		};
/* End PBXProject section */

/* Begin PBXResourcesBuildPhase section */
		F12120CB21AE924F0013046F /* Resources */ = {
			isa = PBXResourcesBuildPhase;
			buildActionMask = 2147483647;
			files = (
				F12120DB21AE92500013046F /* LaunchScreen.storyboard in Resources */,
				F12120D821AE92500013046F /* Assets.xcassets in Resources */,
				F12120D621AE924F0013046F /* Main.storyboard in Resources */,
			);
			runOnlyForDeploymentPostprocessing = 0;
		};
/* End PBXResourcesBuildPhase section */

/* Begin PBXSourcesBuildPhase section */
		F12120C921AE924F0013046F /* Sources */ = {
			isa = PBXSourcesBuildPhase;
			buildActionMask = 2147483647;
			files = (
				F12120F621AE93F50013046F /* RunloopTools.m in Sources */,
				F12120F821AE93F50013046F /* unzip.c in Sources */,
				F12120FC21AE93F50013046F /* SSZipArchive.m in Sources */,
				F12120FB21AE93F50013046F /* mztools.c in Sources */,
				F12120F721AE93F50013046F /* ZipTool.swift in Sources */,
				F12120F921AE93F50013046F /* zip.c in Sources */,
				F12120D321AE924F0013046F /* ViewController.swift in Sources */,
				F12120D121AE924F0013046F /* AppDelegate.swift in Sources */,
				F12120FA21AE93F50013046F /* ioapi.c in Sources */,
			);
			runOnlyForDeploymentPostprocessing = 0;
		};
/* End PBXSourcesBuildPhase section */

/* Begin PBXVariantGroup section */
		F12120D421AE924F0013046F /* Main.storyboard */ = {
			isa = PBXVariantGroup;
			children = (
				F12120D521AE924F0013046F /* Base */,
			);
			name = Main.storyboard;
			sourceTree = "<group>";
		};
		F12120D921AE92500013046F /* LaunchScreen.storyboard */ = {
			isa = PBXVariantGroup;
			children = (
				F12120DA21AE92500013046F /* Base */,
			);
			name = LaunchScreen.storyboard;
			sourceTree = "<group>";
		};
/* End PBXVariantGroup section */

/* Begin XCBuildConfiguration section */
		F12120DD21AE92500013046F /* Debug */ = {
			isa = XCBuildConfiguration;
			buildSettings = {
				ALWAYS_SEARCH_USER_PATHS = NO;
				CLANG_ANALYZER_NONNULL = YES;
				CLANG_ANALYZER_NUMBER_OBJECT_CONVERSION = YES_AGGRESSIVE;
				CLANG_CXX_LANGUAGE_STANDARD = "gnu++14";
				CLANG_CXX_LIBRARY = "libc++";
				CLANG_ENABLE_MODULES = YES;
				CLANG_ENABLE_OBJC_ARC = YES;
				CLANG_ENABLE_OBJC_WEAK = YES;
				CLANG_WARN_BLOCK_CAPTURE_AUTORELEASING = YES;
				CLANG_WARN_BOOL_CONVERSION = YES;
				CLANG_WARN_COMMA = YES;
				CLANG_WARN_CONSTANT_CONVERSION = YES;
				CLANG_WARN_DEPRECATED_OBJC_IMPLEMENTATIONS = YES;
				CLANG_WARN_DIRECT_OBJC_ISA_USAGE = YES_ERROR;
				CLANG_WARN_DOCUMENTATION_COMMENTS = YES;
				CLANG_WARN_EMPTY_BODY = YES;
				CLANG_WARN_ENUM_CONVERSION = YES;
				CLANG_WARN_INFINITE_RECURSION = YES;
				CLANG_WARN_INT_CONVERSION = YES;
				CLANG_WARN_NON_LITERAL_NULL_CONVERSION = YES;
				CLANG_WARN_OBJC_IMPLICIT_RETAIN_SELF = YES;
				CLANG_WARN_OBJC_LITERAL_CONVERSION = YES;
				CLANG_WARN_OBJC_ROOT_CLASS = YES_ERROR;
				CLANG_WARN_RANGE_LOOP_ANALYSIS = YES;
				CLANG_WARN_STRICT_PROTOTYPES = YES;
				CLANG_WARN_SUSPICIOUS_MOVE = YES;
				CLANG_WARN_UNGUARDED_AVAILABILITY = YES_AGGRESSIVE;
				CLANG_WARN_UNREACHABLE_CODE = YES;
				CLANG_WARN__DUPLICATE_METHOD_MATCH = YES;
				CODE_SIGN_IDENTITY = "iPhone Developer";
				COPY_PHASE_STRIP = NO;
				DEBUG_INFORMATION_FORMAT = dwarf;
				ENABLE_STRICT_OBJC_MSGSEND = YES;
				ENABLE_TESTABILITY = YES;
				GCC_C_LANGUAGE_STANDARD = gnu11;
				GCC_DYNAMIC_NO_PIC = NO;
				GCC_NO_COMMON_BLOCKS = YES;
				GCC_OPTIMIZATION_LEVEL = 0;
				GCC_PREPROCESSOR_DEFINITIONS = (
					"DEBUG=1",
					"$(inherited)",
				);
				GCC_WARN_64_TO_32_BIT_CONVERSION = YES;
				GCC_WARN_ABOUT_RETURN_TYPE = YES_ERROR;
				GCC_WARN_UNDECLARED_SELECTOR = YES;
				GCC_WARN_UNINITIALIZED_AUTOS = YES_AGGRESSIVE;
				GCC_WARN_UNUSED_FUNCTION = YES;
				GCC_WARN_UNUSED_VARIABLE = YES;
				IPHONEOS_DEPLOYMENT_TARGET = 12.1;
				MTL_ENABLE_DEBUG_INFO = INCLUDE_SOURCE;
				MTL_FAST_MATH = YES;
				ONLY_ACTIVE_ARCH = YES;
				SDKROOT = iphoneos;
				SWIFT_ACTIVE_COMPILATION_CONDITIONS = DEBUG;
				SWIFT_OPTIMIZATION_LEVEL = "-Onone";
			};
			name = Debug;
		};
		F12120DE21AE92500013046F /* Release */ = {
			isa = XCBuildConfiguration;
			buildSettings = {
				ALWAYS_SEARCH_USER_PATHS = NO;
				CLANG_ANALYZER_NONNULL = YES;
				CLANG_ANALYZER_NUMBER_OBJECT_CONVERSION = YES_AGGRESSIVE;
				CLANG_CXX_LANGUAGE_STANDARD = "gnu++14";
				CLANG_CXX_LIBRARY = "libc++";
				CLANG_ENABLE_MODULES = YES;
				CLANG_ENABLE_OBJC_ARC = YES;
				CLANG_ENABLE_OBJC_WEAK = YES;
				CLANG_WARN_BLOCK_CAPTURE_AUTORELEASING = YES;
				CLANG_WARN_BOOL_CONVERSION = YES;
				CLANG_WARN_COMMA = YES;
				CLANG_WARN_CONSTANT_CONVERSION = YES;
				CLANG_WARN_DEPRECATED_OBJC_IMPLEMENTATIONS = YES;
				CLANG_WARN_DIRECT_OBJC_ISA_USAGE = YES_ERROR;
				CLANG_WARN_DOCUMENTATION_COMMENTS = YES;
				CLANG_WARN_EMPTY_BODY = YES;
				CLANG_WARN_ENUM_CONVERSION = YES;
				CLANG_WARN_INFINITE_RECURSION = YES;
				CLANG_WARN_INT_CONVERSION = YES;
				CLANG_WARN_NON_LITERAL_NULL_CONVERSION = YES;
				CLANG_WARN_OBJC_IMPLICIT_RETAIN_SELF = YES;
				CLANG_WARN_OBJC_LITERAL_CONVERSION = YES;
				CLANG_WARN_OBJC_ROOT_CLASS = YES_ERROR;
				CLANG_WARN_RANGE_LOOP_ANALYSIS = YES;
				CLANG_WARN_STRICT_PROTOTYPES = YES;
				CLANG_WARN_SUSPICIOUS_MOVE = YES;
				CLANG_WARN_UNGUARDED_AVAILABILITY = YES_AGGRESSIVE;
				CLANG_WARN_UNREACHABLE_CODE = YES;
				CLANG_WARN__DUPLICATE_METHOD_MATCH = YES;
				CODE_SIGN_IDENTITY = "iPhone Developer";
				COPY_PHASE_STRIP = NO;
				DEBUG_INFORMATION_FORMAT = "dwarf-with-dsym";
				ENABLE_NS_ASSERTIONS = NO;
				ENABLE_STRICT_OBJC_MSGSEND = YES;
				GCC_C_LANGUAGE_STANDARD = gnu11;
				GCC_NO_COMMON_BLOCKS = YES;
				GCC_WARN_64_TO_32_BIT_CONVERSION = YES;
				GCC_WARN_ABOUT_RETURN_TYPE = YES_ERROR;
				GCC_WARN_UNDECLARED_SELECTOR = YES;
				GCC_WARN_UNINITIALIZED_AUTOS = YES_AGGRESSIVE;
				GCC_WARN_UNUSED_FUNCTION = YES;
				GCC_WARN_UNUSED_VARIABLE = YES;
				IPHONEOS_DEPLOYMENT_TARGET = 12.1;
				MTL_ENABLE_DEBUG_INFO = NO;
				MTL_FAST_MATH = YES;
				SDKROOT = iphoneos;
				SWIFT_COMPILATION_MODE = wholemodule;
				SWIFT_OPTIMIZATION_LEVEL = "-O";
				VALIDATE_PRODUCT = YES;
			};
			name = Release;
		};
		F12120E021AE92500013046F /* Debug */ = {
			isa = XCBuildConfiguration;
			buildSettings = {
				ASSETCATALOG_COMPILER_APPICON_NAME = AppIcon;
				CODE_SIGN_STYLE = Automatic;
				DEVELOPMENT_TEAM = E98M2D4L4Z;
				INFOPLIST_FILE = MFWebLottie/Info.plist;
				LD_RUNPATH_SEARCH_PATHS = (
					"$(inherited)",
					"@executable_path/Frameworks",
				);
				PRODUCT_BUNDLE_IDENTIFIER = MFWebLottie.MFWebLottie;
				PRODUCT_NAME = "$(TARGET_NAME)";
				SWIFT_VERSION = 4.2;
				TARGETED_DEVICE_FAMILY = "1,2";
			};
			name = Debug;
		};
		F12120E121AE92500013046F /* Release */ = {
			isa = XCBuildConfiguration;
			buildSettings = {
				ASSETCATALOG_COMPILER_APPICON_NAME = AppIcon;
				CODE_SIGN_STYLE = Automatic;
				DEVELOPMENT_TEAM = E98M2D4L4Z;
				INFOPLIST_FILE = MFWebLottie/Info.plist;
				LD_RUNPATH_SEARCH_PATHS = (
					"$(inherited)",
					"@executable_path/Frameworks",
				);
				PRODUCT_BUNDLE_IDENTIFIER = MFWebLottie.MFWebLottie;
				PRODUCT_NAME = "$(TARGET_NAME)";
				SWIFT_VERSION = 4.2;
				TARGETED_DEVICE_FAMILY = "1,2";
			};
			name = Release;
		};
/* End XCBuildConfiguration section */

/* Begin XCConfigurationList section */
		F12120C821AE924F0013046F /* Build configuration list for PBXProject "MFWebLottie" */ = {
			isa = XCConfigurationList;
			buildConfigurations = (
				F12120DD21AE92500013046F /* Debug */,
				F12120DE21AE92500013046F /* Release */,
			);
			defaultConfigurationIsVisible = 0;
			defaultConfigurationName = Release;
		};
		F12120DF21AE92500013046F /* Build configuration list for PBXNativeTarget "MFWebLottie" */ = {
			isa = XCConfigurationList;
			buildConfigurations = (
				F12120E021AE92500013046F /* Debug */,
				F12120E121AE92500013046F /* Release */,
			);
			defaultConfigurationIsVisible = 0;
			defaultConfigurationName = Release;
		};
/* End XCConfigurationList section */
	};
	rootObject = F12120C521AE924F0013046F /* Project object */;
}
